// !$*UTF8*$!
{
	archiveVersion = 1;
	classes = {
	};
	objectVersion = 50;
	objects = {

/* Begin PBXBuildFile section */
		8E76676B2457752100269FD0 /* AppDelegate.swift in Sources */ = {isa = PBXBuildFile; fileRef = 8E76676A2457752100269FD0 /* AppDelegate.swift */; };
		8E76676D2457752100269FD0 /* SceneDelegate.swift in Sources */ = {isa = PBXBuildFile; fileRef = 8E76676C2457752100269FD0 /* SceneDelegate.swift */; };
		8E76676F2457752100269FD0 /* ViewController.swift in Sources */ = {isa = PBXBuildFile; fileRef = 8E76676E2457752100269FD0 /* ViewController.swift */; };
		8E7667722457752100269FD0 /* Main.storyboard in Resources */ = {isa = PBXBuildFile; fileRef = 8E7667702457752100269FD0 /* Main.storyboard */; };
		8E7667742457752300269FD0 /* Assets.xcassets in Resources */ = {isa = PBXBuildFile; fileRef = 8E7667732457752300269FD0 /* Assets.xcassets */; };
		8E7667772457752300269FD0 /* LaunchScreen.storyboard in Resources */ = {isa = PBXBuildFile; fileRef = 8E7667752457752300269FD0 /* LaunchScreen.storyboard */; };
		8E7667822457752300269FD0 /* finalprojectTests.swift in Sources */ = {isa = PBXBuildFile; fileRef = 8E7667812457752300269FD0 /* finalprojectTests.swift */; };
		8E76678D2457752300269FD0 /* finalprojectUITests.swift in Sources */ = {isa = PBXBuildFile; fileRef = 8E76678C2457752300269FD0 /* finalprojectUITests.swift */; };
/* End PBXBuildFile section */

/* Begin PBXContainerItemProxy section */
		8E76677E2457752300269FD0 /* PBXContainerItemProxy */ = {
			isa = PBXContainerItemProxy;
			containerPortal = 8E76675F2457752100269FD0 /* Project object */;
			proxyType = 1;
			remoteGlobalIDString = 8E7667662457752100269FD0;
			remoteInfo = finalproject;
		};
		8E7667892457752300269FD0 /* PBXContainerItemProxy */ = {
			isa = PBXContainerItemProxy;
			containerPortal = 8E76675F2457752100269FD0 /* Project object */;
			proxyType = 1;
			remoteGlobalIDString = 8E7667662457752100269FD0;
			remoteInfo = finalproject;
		};
/* End PBXContainerItemProxy section */

/* Begin PBXFileReference section */
		8E7667672457752100269FD0 /* finalproject.app */ = {isa = PBXFileReference; explicitFileType = wrapper.application; includeInIndex = 0; path = finalproject.app; sourceTree = BUILT_PRODUCTS_DIR; };
		8E76676A2457752100269FD0 /* AppDelegate.swift */ = {isa = PBXFileReference; lastKnownFileType = sourcecode.swift; path = AppDelegate.swift; sourceTree = "<group>"; };
		8E76676C2457752100269FD0 /* SceneDelegate.swift */ = {isa = PBXFileReference; lastKnownFileType = sourcecode.swift; path = SceneDelegate.swift; sourceTree = "<group>"; };
		8E76676E2457752100269FD0 /* ViewController.swift */ = {isa = PBXFileReference; lastKnownFileType = sourcecode.swift; path = ViewController.swift; sourceTree = "<group>"; };
		8E7667712457752100269FD0 /* Base */ = {isa = PBXFileReference; lastKnownFileType = file.storyboard; name = Base; path = Base.lproj/Main.storyboard; sourceTree = "<group>"; };
		8E7667732457752300269FD0 /* Assets.xcassets */ = {isa = PBXFileReference; lastKnownFileType = folder.assetcatalog; path = Assets.xcassets; sourceTree = "<group>"; };
		8E7667762457752300269FD0 /* Base */ = {isa = PBXFileReference; lastKnownFileType = file.storyboard; name = Base; path = Base.lproj/LaunchScreen.storyboard; sourceTree = "<group>"; };
		8E7667782457752300269FD0 /* Info.plist */ = {isa = PBXFileReference; lastKnownFileType = text.plist.xml; path = Info.plist; sourceTree = "<group>"; };
		8E76677D2457752300269FD0 /* finalprojectTests.xctest */ = {isa = PBXFileReference; explicitFileType = wrapper.cfbundle; includeInIndex = 0; path = finalprojectTests.xctest; sourceTree = BUILT_PRODUCTS_DIR; };
		8E7667812457752300269FD0 /* finalprojectTests.swift */ = {isa = PBXFileReference; lastKnownFileType = sourcecode.swift; path = finalprojectTests.swift; sourceTree = "<group>"; };
		8E7667832457752300269FD0 /* Info.plist */ = {isa = PBXFileReference; lastKnownFileType = text.plist.xml; path = Info.plist; sourceTree = "<group>"; };
		8E7667882457752300269FD0 /* finalprojectUITests.xctest */ = {isa = PBXFileReference; explicitFileType = wrapper.cfbundle; includeInIndex = 0; path = finalprojectUITests.xctest; sourceTree = BUILT_PRODUCTS_DIR; };
		8E76678C2457752300269FD0 /* finalprojectUITests.swift */ = {isa = PBXFileReference; lastKnownFileType = sourcecode.swift; path = finalprojectUITests.swift; sourceTree = "<group>"; };
		8E76678E2457752300269FD0 /* Info.plist */ = {isa = PBXFileReference; lastKnownFileType = text.plist.xml; path = Info.plist; sourceTree = "<group>"; };
/* End PBXFileReference section */

/* Begin PBXFrameworksBuildPhase section */
		8E7667642457752100269FD0 /* Frameworks */ = {
			isa = PBXFrameworksBuildPhase;
			buildActionMask = 2147483647;
			files = (
			);
			runOnlyForDeploymentPostprocessing = 0;
		};
		8E76677A2457752300269FD0 /* Frameworks */ = {
			isa = PBXFrameworksBuildPhase;
			buildActionMask = 2147483647;
			files = (
			);
			runOnlyForDeploymentPostprocessing = 0;
		};
		8E7667852457752300269FD0 /* Frameworks */ = {
			isa = PBXFrameworksBuildPhase;
			buildActionMask = 2147483647;
			files = (
			);
			runOnlyForDeploymentPostprocessing = 0;
		};
/* End PBXFrameworksBuildPhase section */

/* Begin PBXGroup section */
		8E76675E2457752100269FD0 = {
			isa = PBXGroup;
			children = (
				8E7667692457752100269FD0 /* finalproject */,
				8E7667802457752300269FD0 /* finalprojectTests */,
				8E76678B2457752300269FD0 /* finalprojectUITests */,
				8E7667682457752100269FD0 /* Products */,
			);
			sourceTree = "<group>";
		};
		8E7667682457752100269FD0 /* Products */ = {
			isa = PBXGroup;
			children = (
				8E7667672457752100269FD0 /* finalproject.app */,
				8E76677D2457752300269FD0 /* finalprojectTests.xctest */,
				8E7667882457752300269FD0 /* finalprojectUITests.xctest */,
			);
			name = Products;
			sourceTree = "<group>";
		};
		8E7667692457752100269FD0 /* finalproject */ = {
			isa = PBXGroup;
			children = (
				8E76676A2457752100269FD0 /* AppDelegate.swift */,
				8E76676C2457752100269FD0 /* SceneDelegate.swift */,
				8E76676E2457752100269FD0 /* ViewController.swift */,
				8E7667702457752100269FD0 /* Main.storyboard */,
				8E7667732457752300269FD0 /* Assets.xcassets */,
				8E7667752457752300269FD0 /* LaunchScreen.storyboard */,
				8E7667782457752300269FD0 /* Info.plist */,
			);
			path = finalproject;
			sourceTree = "<group>";
		};
		8E7667802457752300269FD0 /* finalprojectTests */ = {
			isa = PBXGroup;
			children = (
				8E7667812457752300269FD0 /* finalprojectTests.swift */,
				8E7667832457752300269FD0 /* Info.plist */,
			);
			path = finalprojectTests;
			sourceTree = "<group>";
		};
		8E76678B2457752300269FD0 /* finalprojectUITests */ = {
			isa = PBXGroup;
			children = (
				8E76678C2457752300269FD0 /* finalprojectUITests.swift */,
				8E76678E2457752300269FD0 /* Info.plist */,
			);
			path = finalprojectUITests;
			sourceTree = "<group>";
		};
/* End PBXGroup section */

/* Begin PBXNativeTarget section */
		8E7667662457752100269FD0 /* finalproject */ = {
			isa = PBXNativeTarget;
			buildConfigurationList = 8E7667912457752300269FD0 /* Build configuration list for PBXNativeTarget "finalproject" */;
			buildPhases = (
				8E7667632457752100269FD0 /* Sources */,
				8E7667642457752100269FD0 /* Frameworks */,
				8E7667652457752100269FD0 /* Resources */,
			);
			buildRules = (
			);
			dependencies = (
			);
			name = finalproject;
			productName = finalproject;
			productReference = 8E7667672457752100269FD0 /* finalproject.app */;
			productType = "com.apple.product-type.application";
		};
		8E76677C2457752300269FD0 /* finalprojectTests */ = {
			isa = PBXNativeTarget;
			buildConfigurationList = 8E7667942457752300269FD0 /* Build configuration list for PBXNativeTarget "finalprojectTests" */;
			buildPhases = (
				8E7667792457752300269FD0 /* Sources */,
				8E76677A2457752300269FD0 /* Frameworks */,
				8E76677B2457752300269FD0 /* Resources */,
			);
			buildRules = (
			);
			dependencies = (
				8E76677F2457752300269FD0 /* PBXTargetDependency */,
			);
			name = finalprojectTests;
			productName = finalprojectTests;
			productReference = 8E76677D2457752300269FD0 /* finalprojectTests.xctest */;
			productType = "com.apple.product-type.bundle.unit-test";
		};
		8E7667872457752300269FD0 /* finalprojectUITests */ = {
			isa = PBXNativeTarget;
			buildConfigurationList = 8E7667972457752300269FD0 /* Build configuration list for PBXNativeTarget "finalprojectUITests" */;
			buildPhases = (
				8E7667842457752300269FD0 /* Sources */,
				8E7667852457752300269FD0 /* Frameworks */,
				8E7667862457752300269FD0 /* Resources */,
			);
			buildRules = (
			);
			dependencies = (
				8E76678A2457752300269FD0 /* PBXTargetDependency */,
			);
			name = finalprojectUITests;
			productName = finalprojectUITests;
			productReference = 8E7667882457752300269FD0 /* finalprojectUITests.xctest */;
			productType = "com.apple.product-type.bundle.ui-testing";
		};
/* End PBXNativeTarget section */

/* Begin PBXProject section */
		8E76675F2457752100269FD0 /* Project object */ = {
			isa = PBXProject;
			attributes = {
				LastSwiftUpdateCheck = 1140;
				LastUpgradeCheck = 1140;
				ORGANIZATIONNAME = groupproject;
				TargetAttributes = {
					8E7667662457752100269FD0 = {
						CreatedOnToolsVersion = 11.4.1;
					};
					8E76677C2457752300269FD0 = {
						CreatedOnToolsVersion = 11.4.1;
						TestTargetID = 8E7667662457752100269FD0;
					};
					8E7667872457752300269FD0 = {
						CreatedOnToolsVersion = 11.4.1;
						TestTargetID = 8E7667662457752100269FD0;
					};
				};
			};
			buildConfigurationList = 8E7667622457752100269FD0 /* Build configuration list for PBXProject "finalproject" */;
			compatibilityVersion = "Xcode 9.3";
			developmentRegion = en;
			hasScannedForEncodings = 0;
			knownRegions = (
				en,
				Base,
			);
			mainGroup = 8E76675E2457752100269FD0;
			productRefGroup = 8E7667682457752100269FD0 /* Products */;
			projectDirPath = "";
			projectRoot = "";
			targets = (
				8E7667662457752100269FD0 /* finalproject */,
				8E76677C2457752300269FD0 /* finalprojectTests */,
				8E7667872457752300269FD0 /* finalprojectUITests */,
			);
		};
/* End PBXProject section */

/* Begin PBXResourcesBuildPhase section */
		8E7667652457752100269FD0 /* Resources */ = {
			isa = PBXResourcesBuildPhase;
			buildActionMask = 2147483647;
			files = (
				8E7667772457752300269FD0 /* LaunchScreen.storyboard in Resources */,
				8E7667742457752300269FD0 /* Assets.xcassets in Resources */,
				8E7667722457752100269FD0 /* Main.storyboard in Resources */,
			);
			runOnlyForDeploymentPostprocessing = 0;
		};
		8E76677B2457752300269FD0 /* Resources */ = {
			isa = PBXResourcesBuildPhase;
			buildActionMask = 2147483647;
			files = (
			);
			runOnlyForDeploymentPostprocessing = 0;
		};
		8E7667862457752300269FD0 /* Resources */ = {
			isa = PBXResourcesBuildPhase;
			buildActionMask = 2147483647;
			files = (
			);
			runOnlyForDeploymentPostprocessing = 0;
		};
/* End PBXResourcesBuildPhase section */

/* Begin PBXSourcesBuildPhase section */
		8E7667632457752100269FD0 /* Sources */ = {
			isa = PBXSourcesBuildPhase;
			buildActionMask = 2147483647;
			files = (
				8E76676F2457752100269FD0 /* ViewController.swift in Sources */,
				8E76676B2457752100269FD0 /* AppDelegate.swift in Sources */,
				8E76676D2457752100269FD0 /* SceneDelegate.swift in Sources */,
			);
			runOnlyForDeploymentPostprocessing = 0;
		};
		8E7667792457752300269FD0 /* Sources */ = {
			isa = PBXSourcesBuildPhase;
			buildActionMask = 2147483647;
			files = (
				8E7667822457752300269FD0 /* finalprojectTests.swift in Sources */,
			);
			runOnlyForDeploymentPostprocessing = 0;
		};
		8E7667842457752300269FD0 /* Sources */ = {
			isa = PBXSourcesBuildPhase;
			buildActionMask = 2147483647;
			files = (
				8E76678D2457752300269FD0 /* finalprojectUITests.swift in Sources */,
			);
			runOnlyForDeploymentPostprocessing = 0;
		};
/* End PBXSourcesBuildPhase section */

/* Begin PBXTargetDependency section */
		8E76677F2457752300269FD0 /* PBXTargetDependency */ = {
			isa = PBXTargetDependency;
			target = 8E7667662457752100269FD0 /* finalproject */;
			targetProxy = 8E76677E2457752300269FD0 /* PBXContainerItemProxy */;
		};
		8E76678A2457752300269FD0 /* PBXTargetDependency */ = {
			isa = PBXTargetDependency;
			target = 8E7667662457752100269FD0 /* finalproject */;
			targetProxy = 8E7667892457752300269FD0 /* PBXContainerItemProxy */;
		};
/* End PBXTargetDependency section */

/* Begin PBXVariantGroup section */
		8E7667702457752100269FD0 /* Main.storyboard */ = {
			isa = PBXVariantGroup;
			children = (
				8E7667712457752100269FD0 /* Base */,
			);
			name = Main.storyboard;
			sourceTree = "<group>";
		};
		8E7667752457752300269FD0 /* LaunchScreen.storyboard */ = {
			isa = PBXVariantGroup;
			children = (
				8E7667762457752300269FD0 /* Base */,
			);
			name = LaunchScreen.storyboard;
			sourceTree = "<group>";
		};
/* End PBXVariantGroup section */

/* Begin XCBuildConfiguration section */
		8E76678F2457752300269FD0 /* Debug */ = {
			isa = XCBuildConfiguration;
			buildSettings = {
				ALWAYS_SEARCH_USER_PATHS = NO;
				CLANG_ANALYZER_NONNULL = YES;
				CLANG_ANALYZER_NUMBER_OBJECT_CONVERSION = YES_AGGRESSIVE;
				CLANG_CXX_LANGUAGE_STANDARD = "gnu++14";
				CLANG_CXX_LIBRARY = "libc++";
				CLANG_ENABLE_MODULES = YES;
				CLANG_ENABLE_OBJC_ARC = YES;
				CLANG_ENABLE_OBJC_WEAK = YES;
				CLANG_WARN_BLOCK_CAPTURE_AUTORELEASING = YES;
				CLANG_WARN_BOOL_CONVERSION = YES;
				CLANG_WARN_COMMA = YES;
				CLANG_WARN_CONSTANT_CONVERSION = YES;
				CLANG_WARN_DEPRECATED_OBJC_IMPLEMENTATIONS = YES;
				CLANG_WARN_DIRECT_OBJC_ISA_USAGE = YES_ERROR;
				CLANG_WARN_DOCUMENTATION_COMMENTS = YES;
				CLANG_WARN_EMPTY_BODY = YES;
				CLANG_WARN_ENUM_CONVERSION = YES;
				CLANG_WARN_INFINITE_RECURSION = YES;
				CLANG_WARN_INT_CONVERSION = YES;
				CLANG_WARN_NON_LITERAL_NULL_CONVERSION = YES;
				CLANG_WARN_OBJC_IMPLICIT_RETAIN_SELF = YES;
				CLANG_WARN_OBJC_LITERAL_CONVERSION = YES;
				CLANG_WARN_OBJC_ROOT_CLASS = YES_ERROR;
				CLANG_WARN_RANGE_LOOP_ANALYSIS = YES;
				CLANG_WARN_STRICT_PROTOTYPES = YES;
				CLANG_WARN_SUSPICIOUS_MOVE = YES;
				CLANG_WARN_UNGUARDED_AVAILABILITY = YES_AGGRESSIVE;
				CLANG_WARN_UNREACHABLE_CODE = YES;
				CLANG_WARN__DUPLICATE_METHOD_MATCH = YES;
				COPY_PHASE_STRIP = NO;
				DEBUG_INFORMATION_FORMAT = dwarf;
				ENABLE_STRICT_OBJC_MSGSEND = YES;
				ENABLE_TESTABILITY = YES;
				GCC_C_LANGUAGE_STANDARD = gnu11;
				GCC_DYNAMIC_NO_PIC = NO;
				GCC_NO_COMMON_BLOCKS = YES;
				GCC_OPTIMIZATION_LEVEL = 0;
				GCC_PREPROCESSOR_DEFINITIONS = (
					"DEBUG=1",
					"$(inherited)",
				);
				GCC_WARN_64_TO_32_BIT_CONVERSION = YES;
				GCC_WARN_ABOUT_RETURN_TYPE = YES_ERROR;
				GCC_WARN_UNDECLARED_SELECTOR = YES;
				GCC_WARN_UNINITIALIZED_AUTOS = YES_AGGRESSIVE;
				GCC_WARN_UNUSED_FUNCTION = YES;
				GCC_WARN_UNUSED_VARIABLE = YES;
				IPHONEOS_DEPLOYMENT_TARGET = 13.4;
				MTL_ENABLE_DEBUG_INFO = INCLUDE_SOURCE;
				MTL_FAST_MATH = YES;
				ONLY_ACTIVE_ARCH = YES;
				SDKROOT = iphoneos;
				SWIFT_ACTIVE_COMPILATION_CONDITIONS = DEBUG;
				SWIFT_OPTIMIZATION_LEVEL = "-Onone";
			};
			name = Debug;
		};
		8E7667902457752300269FD0 /* Release */ = {
			isa = XCBuildConfiguration;
			buildSettings = {
				ALWAYS_SEARCH_USER_PATHS = NO;
				CLANG_ANALYZER_NONNULL = YES;
				CLANG_ANALYZER_NUMBER_OBJECT_CONVERSION = YES_AGGRESSIVE;
				CLANG_CXX_LANGUAGE_STANDARD = "gnu++14";
				CLANG_CXX_LIBRARY = "libc++";
				CLANG_ENABLE_MODULES = YES;
				CLANG_ENABLE_OBJC_ARC = YES;
				CLANG_ENABLE_OBJC_WEAK = YES;
				CLANG_WARN_BLOCK_CAPTURE_AUTORELEASING = YES;
				CLANG_WARN_BOOL_CONVERSION = YES;
				CLANG_WARN_COMMA = YES;
				CLANG_WARN_CONSTANT_CONVERSION = YES;
				CLANG_WARN_DEPRECATED_OBJC_IMPLEMENTATIONS = YES;
				CLANG_WARN_DIRECT_OBJC_ISA_USAGE = YES_ERROR;
				CLANG_WARN_DOCUMENTATION_COMMENTS = YES;
				CLANG_WARN_EMPTY_BODY = YES;
				CLANG_WARN_ENUM_CONVERSION = YES;
				CLANG_WARN_INFINITE_RECURSION = YES;
				CLANG_WARN_INT_CONVERSION = YES;
				CLANG_WARN_NON_LITERAL_NULL_CONVERSION = YES;
				CLANG_WARN_OBJC_IMPLICIT_RETAIN_SELF = YES;
				CLANG_WARN_OBJC_LITERAL_CONVERSION = YES;
				CLANG_WARN_OBJC_ROOT_CLASS = YES_ERROR;
				CLANG_WARN_RANGE_LOOP_ANALYSIS = YES;
				CLANG_WARN_STRICT_PROTOTYPES = YES;
				CLANG_WARN_SUSPICIOUS_MOVE = YES;
				CLANG_WARN_UNGUARDED_AVAILABILITY = YES_AGGRESSIVE;
				CLANG_WARN_UNREACHABLE_CODE = YES;
				CLANG_WARN__DUPLICATE_METHOD_MATCH = YES;
				COPY_PHASE_STRIP = NO;
				DEBUG_INFORMATION_FORMAT = "dwarf-with-dsym";
				ENABLE_NS_ASSERTIONS = NO;
				ENABLE_STRICT_OBJC_MSGSEND = YES;
				GCC_C_LANGUAGE_STANDARD = gnu11;
				GCC_NO_COMMON_BLOCKS = YES;
				GCC_WARN_64_TO_32_BIT_CONVERSION = YES;
				GCC_WARN_ABOUT_RETURN_TYPE = YES_ERROR;
				GCC_WARN_UNDECLARED_SELECTOR = YES;
				GCC_WARN_UNINITIALIZED_AUTOS = YES_AGGRESSIVE;
				GCC_WARN_UNUSED_FUNCTION = YES;
				GCC_WARN_UNUSED_VARIABLE = YES;
				IPHONEOS_DEPLOYMENT_TARGET = 13.4;
				MTL_ENABLE_DEBUG_INFO = NO;
				MTL_FAST_MATH = YES;
				SDKROOT = iphoneos;
				SWIFT_COMPILATION_MODE = wholemodule;
				SWIFT_OPTIMIZATION_LEVEL = "-O";
				VALIDATE_PRODUCT = YES;
			};
			name = Release;
		};
		8E7667922457752300269FD0 /* Debug */ = {
			isa = XCBuildConfiguration;
			buildSettings = {
				ASSETCATALOG_COMPILER_APPICON_NAME = AppIcon;
				CODE_SIGN_STYLE = Automatic;
				INFOPLIST_FILE = finalproject/Info.plist;
				LD_RUNPATH_SEARCH_PATHS = (
					"$(inherited)",
					"@executable_path/Frameworks",
				);
				PRODUCT_BUNDLE_IDENTIFIER = cs.finalproject;
				PRODUCT_NAME = "$(TARGET_NAME)";
				SWIFT_VERSION = 5.0;
				TARGETED_DEVICE_FAMILY = "1,2";
			};
			name = Debug;
		};
		8E7667932457752300269FD0 /* Release */ = {
			isa = XCBuildConfiguration;
			buildSettings = {
				ASSETCATALOG_COMPILER_APPICON_NAME = AppIcon;
				CODE_SIGN_STYLE = Automatic;
				INFOPLIST_FILE = finalproject/Info.plist;
				LD_RUNPATH_SEARCH_PATHS = (
					"$(inherited)",
					"@executable_path/Frameworks",
				);
				PRODUCT_BUNDLE_IDENTIFIER = cs.finalproject;
				PRODUCT_NAME = "$(TARGET_NAME)";
				SWIFT_VERSION = 5.0;
				TARGETED_DEVICE_FAMILY = "1,2";
			};
			name = Release;
		};
		8E7667952457752300269FD0 /* Debug */ = {
			isa = XCBuildConfiguration;
			buildSettings = {
				ALWAYS_EMBED_SWIFT_STANDARD_LIBRARIES = YES;
				BUNDLE_LOADER = "$(TEST_HOST)";
				CODE_SIGN_STYLE = Automatic;
				INFOPLIST_FILE = finalprojectTests/Info.plist;
				IPHONEOS_DEPLOYMENT_TARGET = 13.4;
				LD_RUNPATH_SEARCH_PATHS = (
					"$(inherited)",
					"@executable_path/Frameworks",
					"@loader_path/Frameworks",
				);
				PRODUCT_BUNDLE_IDENTIFIER = cs.finalprojectTests;
				PRODUCT_NAME = "$(TARGET_NAME)";
				SWIFT_VERSION = 5.0;
				TARGETED_DEVICE_FAMILY = "1,2";
				TEST_HOST = "$(BUILT_PRODUCTS_DIR)/finalproject.app/finalproject";
			};
			name = Debug;
		};
		8E7667962457752300269FD0 /* Release */ = {
			isa = XCBuildConfiguration;
			buildSettings = {
				ALWAYS_EMBED_SWIFT_STANDARD_LIBRARIES = YES;
				BUNDLE_LOADER = "$(TEST_HOST)";
				CODE_SIGN_STYLE = Automatic;
				INFOPLIST_FILE = finalprojectTests/Info.plist;
				IPHONEOS_DEPLOYMENT_TARGET = 13.4;
				LD_RUNPATH_SEARCH_PATHS = (
					"$(inherited)",
					"@executable_path/Frameworks",
					"@loader_path/Frameworks",
				);
				PRODUCT_BUNDLE_IDENTIFIER = cs.finalprojectTests;
				PRODUCT_NAME = "$(TARGET_NAME)";
				SWIFT_VERSION = 5.0;
				TARGETED_DEVICE_FAMILY = "1,2";
				TEST_HOST = "$(BUILT_PRODUCTS_DIR)/finalproject.app/finalproject";
			};
			name = Release;
		};
		8E7667982457752300269FD0 /* Debug */ = {
			isa = XCBuildConfiguration;
			buildSettings = {
				ALWAYS_EMBED_SWIFT_STANDARD_LIBRARIES = YES;
				CODE_SIGN_STYLE = Automatic;
				INFOPLIST_FILE = finalprojectUITests/Info.plist;
				LD_RUNPATH_SEARCH_PATHS = (
					"$(inherited)",
					"@executable_path/Frameworks",
					"@loader_path/Frameworks",
				);
				PRODUCT_BUNDLE_IDENTIFIER = cs.finalprojectUITests;
				PRODUCT_NAME = "$(TARGET_NAME)";
				SWIFT_VERSION = 5.0;
				TARGETED_DEVICE_FAMILY = "1,2";
				TEST_TARGET_NAME = finalproject;
			};
			name = Debug;
		};
		8E7667992457752300269FD0 /* Release */ = {
			isa = XCBuildConfiguration;
			buildSettings = {
				ALWAYS_EMBED_SWIFT_STANDARD_LIBRARIES = YES;
				CODE_SIGN_STYLE = Automatic;
				INFOPLIST_FILE = finalprojectUITests/Info.plist;
				LD_RUNPATH_SEARCH_PATHS = (
					"$(inherited)",
					"@executable_path/Frameworks",
					"@loader_path/Frameworks",
				);
				PRODUCT_BUNDLE_IDENTIFIER = cs.finalprojectUITests;
				PRODUCT_NAME = "$(TARGET_NAME)";
				SWIFT_VERSION = 5.0;
				TARGETED_DEVICE_FAMILY = "1,2";
				TEST_TARGET_NAME = finalproject;
			};
			name = Release;
		};
/* End XCBuildConfiguration section */

/* Begin XCConfigurationList section */
		8E7667622457752100269FD0 /* Build configuration list for PBXProject "finalproject" */ = {
			isa = XCConfigurationList;
			buildConfigurations = (
				8E76678F2457752300269FD0 /* Debug */,
				8E7667902457752300269FD0 /* Release */,
			);
			defaultConfigurationIsVisible = 0;
			defaultConfigurationName = Release;
		};
		8E7667912457752300269FD0 /* Build configuration list for PBXNativeTarget "finalproject" */ = {
			isa = XCConfigurationList;
			buildConfigurations = (
				8E7667922457752300269FD0 /* Debug */,
				8E7667932457752300269FD0 /* Release */,
			);
			defaultConfigurationIsVisible = 0;
			defaultConfigurationName = Release;
		};
		8E7667942457752300269FD0 /* Build configuration list for PBXNativeTarget "finalprojectTests" */ = {
			isa = XCConfigurationList;
			buildConfigurations = (
				8E7667952457752300269FD0 /* Debug */,
				8E7667962457752300269FD0 /* Release */,
			);
			defaultConfigurationIsVisible = 0;
			defaultConfigurationName = Release;
		};
		8E7667972457752300269FD0 /* Build configuration list for PBXNativeTarget "finalprojectUITests" */ = {
			isa = XCConfigurationList;
			buildConfigurations = (
				8E7667982457752300269FD0 /* Debug */,
				8E7667992457752300269FD0 /* Release */,
			);
			defaultConfigurationIsVisible = 0;
			defaultConfigurationName = Release;
		};
/* End XCConfigurationList section */
	};
	rootObject = 8E76675F2457752100269FD0 /* Project object */;
}
